// !$*UTF8*$!
{
	archiveVersion = 1;
	classes = {
	};
	objectVersion = 56;
	objects = {

/* Begin PBXBuildFile section */
		950EA3D92BAE95B300033932 /* get_next_line_utils_bonus.c in Sources */ = {isa = PBXBuildFile; fileRef = 950EA3D22BAE95B300033932 /* get_next_line_utils_bonus.c */; };
		950EA3DA2BAE95B300033932 /* get_next_line.c in Sources */ = {isa = PBXBuildFile; fileRef = 950EA3D32BAE95B300033932 /* get_next_line.c */; };
		950EA3DB2BAE95B300033932 /* main.c in Sources */ = {isa = PBXBuildFile; fileRef = 950EA3D52BAE95B300033932 /* main.c */; };
		950EA3DC2BAE95B300033932 /* get_next_line_utils.c in Sources */ = {isa = PBXBuildFile; fileRef = 950EA3D62BAE95B300033932 /* get_next_line_utils.c */; };
		950EA3DD2BAE95B300033932 /* get_next_line_bonus.c in Sources */ = {isa = PBXBuildFile; fileRef = 950EA3D82BAE95B300033932 /* get_next_line_bonus.c */; };
/* End PBXBuildFile section */

/* Begin PBXCopyFilesBuildPhase section */
		95BFB3802B9DFC2F004B826E /* CopyFiles */ = {
			isa = PBXCopyFilesBuildPhase;
			buildActionMask = 2147483647;
			dstPath = /usr/share/man/man1/;
			dstSubfolderSpec = 0;
			files = (
			);
			runOnlyForDeploymentPostprocessing = 1;
		};
/* End PBXCopyFilesBuildPhase section */

/* Begin PBXFileReference section */
		950EA3D12BAE95B300033932 /* nl */ = {isa = PBXFileReference; fileEncoding = 4; lastKnownFileType = text; path = nl; sourceTree = "<group>"; };
		950EA3D22BAE95B300033932 /* get_next_line_utils_bonus.c */ = {isa = PBXFileReference; fileEncoding = 4; lastKnownFileType = sourcecode.c.c; path = get_next_line_utils_bonus.c; sourceTree = "<group>"; };
		950EA3D32BAE95B300033932 /* get_next_line.c */ = {isa = PBXFileReference; fileEncoding = 4; lastKnownFileType = sourcecode.c.c; path = get_next_line.c; sourceTree = "<group>"; };
		950EA3D42BAE95B300033932 /* get_next_line.h */ = {isa = PBXFileReference; fileEncoding = 4; lastKnownFileType = sourcecode.c.h; path = get_next_line.h; sourceTree = "<group>"; };
		950EA3D52BAE95B300033932 /* main.c */ = {isa = PBXFileReference; fileEncoding = 4; lastKnownFileType = sourcecode.c.c; path = main.c; sourceTree = "<group>"; };
		950EA3D62BAE95B300033932 /* get_next_line_utils.c */ = {isa = PBXFileReference; fileEncoding = 4; lastKnownFileType = sourcecode.c.c; path = get_next_line_utils.c; sourceTree = "<group>"; };
		950EA3D72BAE95B300033932 /* get_next_line_bonus.h */ = {isa = PBXFileReference; fileEncoding = 4; lastKnownFileType = sourcecode.c.h; path = get_next_line_bonus.h; sourceTree = "<group>"; };
		950EA3D82BAE95B300033932 /* get_next_line_bonus.c */ = {isa = PBXFileReference; fileEncoding = 4; lastKnownFileType = sourcecode.c.c; path = get_next_line_bonus.c; sourceTree = "<group>"; };
		95BFB3822B9DFC2F004B826E /* get_next_line */ = {isa = PBXFileReference; explicitFileType = "compiled.mach-o.executable"; includeInIndex = 0; path = get_next_line; sourceTree = BUILT_PRODUCTS_DIR; };
/* End PBXFileReference section */

/* Begin PBXFrameworksBuildPhase section */
		95BFB37F2B9DFC2F004B826E /* Frameworks */ = {
			isa = PBXFrameworksBuildPhase;
			buildActionMask = 2147483647;
			files = (
			);
			runOnlyForDeploymentPostprocessing = 0;
		};
/* End PBXFrameworksBuildPhase section */

/* Begin PBXGroup section */
		95BFB3792B9DFC2F004B826E = {
			isa = PBXGroup;
			children = (
				950EA3D82BAE95B300033932 /* get_next_line_bonus.c */,
				950EA3D72BAE95B300033932 /* get_next_line_bonus.h */,
				950EA3D22BAE95B300033932 /* get_next_line_utils_bonus.c */,
				950EA3D62BAE95B300033932 /* get_next_line_utils.c */,
				950EA3D32BAE95B300033932 /* get_next_line.c */,
				950EA3D42BAE95B300033932 /* get_next_line.h */,
				950EA3D52BAE95B300033932 /* main.c */,
				950EA3D12BAE95B300033932 /* nl */,
				95BFB3832B9DFC2F004B826E /* Products */,
			);
			sourceTree = "<group>";
		};
		95BFB3832B9DFC2F004B826E /* Products */ = {
			isa = PBXGroup;
			children = (
				95BFB3822B9DFC2F004B826E /* get_next_line */,
			);
			name = Products;
			sourceTree = "<group>";
		};
/* End PBXGroup section */

/* Begin PBXNativeTarget section */
		95BFB3812B9DFC2F004B826E /* get_next_line */ = {
			isa = PBXNativeTarget;
			buildConfigurationList = 95BFB3892B9DFC2F004B826E /* Build configuration list for PBXNativeTarget "get_next_line" */;
			buildPhases = (
				95BFB37E2B9DFC2F004B826E /* Sources */,
				95BFB37F2B9DFC2F004B826E /* Frameworks */,
				95BFB3802B9DFC2F004B826E /* CopyFiles */,
			);
			buildRules = (
			);
			dependencies = (
			);
			name = get_next_line;
			productName = get_next_line;
			productReference = 95BFB3822B9DFC2F004B826E /* get_next_line */;
			productType = "com.apple.product-type.tool";
		};
/* End PBXNativeTarget section */

/* Begin PBXProject section */
		95BFB37A2B9DFC2F004B826E /* Project object */ = {
			isa = PBXProject;
			attributes = {
				BuildIndependentTargetsInParallel = 1;
				LastUpgradeCheck = 1520;
				TargetAttributes = {
					95BFB3812B9DFC2F004B826E = {
						CreatedOnToolsVersion = 15.2;
					};
				};
			};
			buildConfigurationList = 95BFB37D2B9DFC2F004B826E /* Build configuration list for PBXProject "get_next_line" */;
			compatibilityVersion = "Xcode 14.0";
			developmentRegion = en;
			hasScannedForEncodings = 0;
			knownRegions = (
				en,
				Base,
			);
			mainGroup = 95BFB3792B9DFC2F004B826E;
			productRefGroup = 95BFB3832B9DFC2F004B826E /* Products */;
			projectDirPath = "";
			projectRoot = "";
			targets = (
				95BFB3812B9DFC2F004B826E /* get_next_line */,
			);
		};
/* End PBXProject section */

/* Begin PBXSourcesBuildPhase section */
		95BFB37E2B9DFC2F004B826E /* Sources */ = {
			isa = PBXSourcesBuildPhase;
			buildActionMask = 2147483647;
			files = (
				950EA3DD2BAE95B300033932 /* get_next_line_bonus.c in Sources */,
				950EA3D92BAE95B300033932 /* get_next_line_utils_bonus.c in Sources */,
				950EA3DA2BAE95B300033932 /* get_next_line.c in Sources */,
				950EA3DB2BAE95B300033932 /* main.c in Sources */,
				950EA3DC2BAE95B300033932 /* get_next_line_utils.c in Sources */,
			);
			runOnlyForDeploymentPostprocessing = 0;
		};
/* End PBXSourcesBuildPhase section */

/* Begin XCBuildConfiguration section */
		95BFB3872B9DFC2F004B826E /* Debug */ = {
			isa = XCBuildConfiguration;
			buildSettings = {
				ALWAYS_SEARCH_USER_PATHS = NO;
				ASSETCATALOG_COMPILER_GENERATE_SWIFT_ASSET_SYMBOL_EXTENSIONS = YES;
				CLANG_ANALYZER_NONNULL = YES;
				CLANG_ANALYZER_NUMBER_OBJECT_CONVERSION = YES_AGGRESSIVE;
				CLANG_CXX_LANGUAGE_STANDARD = "gnu++20";
				CLANG_ENABLE_MODULES = YES;
				CLANG_ENABLE_OBJC_ARC = YES;
				CLANG_ENABLE_OBJC_WEAK = YES;
				CLANG_WARN_BLOCK_CAPTURE_AUTORELEASING = YES;
				CLANG_WARN_BOOL_CONVERSION = YES;
				CLANG_WARN_COMMA = YES;
				CLANG_WARN_CONSTANT_CONVERSION = YES;
				CLANG_WARN_DEPRECATED_OBJC_IMPLEMENTATIONS = YES;
				CLANG_WARN_DIRECT_OBJC_ISA_USAGE = YES_ERROR;
				CLANG_WARN_DOCUMENTATION_COMMENTS = YES;
				CLANG_WARN_EMPTY_BODY = YES;
				CLANG_WARN_ENUM_CONVERSION = YES;
				CLANG_WARN_INFINITE_RECURSION = YES;
				CLANG_WARN_INT_CONVERSION = YES;
				CLANG_WARN_NON_LITERAL_NULL_CONVERSION = YES;
				CLANG_WARN_OBJC_IMPLICIT_RETAIN_SELF = YES;
				CLANG_WARN_OBJC_LITERAL_CONVERSION = YES;
				CLANG_WARN_OBJC_ROOT_CLASS = YES_ERROR;
				CLANG_WARN_QUOTED_INCLUDE_IN_FRAMEWORK_HEADER = YES;
				CLANG_WARN_RANGE_LOOP_ANALYSIS = YES;
				CLANG_WARN_STRICT_PROTOTYPES = YES;
				CLANG_WARN_SUSPICIOUS_MOVE = YES;
				CLANG_WARN_UNGUARDED_AVAILABILITY = YES_AGGRESSIVE;
				CLANG_WARN_UNREACHABLE_CODE = YES;
				CLANG_WARN__DUPLICATE_METHOD_MATCH = YES;
				COPY_PHASE_STRIP = NO;
				DEBUG_INFORMATION_FORMAT = dwarf;
				ENABLE_STRICT_OBJC_MSGSEND = YES;
				ENABLE_TESTABILITY = YES;
				ENABLE_USER_SCRIPT_SANDBOXING = YES;
				GCC_C_LANGUAGE_STANDARD = gnu17;
				GCC_DYNAMIC_NO_PIC = NO;
				GCC_NO_COMMON_BLOCKS = YES;
				GCC_OPTIMIZATION_LEVEL = 0;
				GCC_PREPROCESSOR_DEFINITIONS = (
					"DEBUG=1",
					"$(inherited)",
				);
				GCC_WARN_64_TO_32_BIT_CONVERSION = YES;
				GCC_WARN_ABOUT_RETURN_TYPE = YES_ERROR;
				GCC_WARN_UNDECLARED_SELECTOR = YES;
				GCC_WARN_UNINITIALIZED_AUTOS = YES_AGGRESSIVE;
				GCC_WARN_UNUSED_FUNCTION = YES;
				GCC_WARN_UNUSED_VARIABLE = YES;
				LOCALIZATION_PREFERS_STRING_CATALOGS = YES;
				MACOSX_DEPLOYMENT_TARGET = 14.2;
				MTL_ENABLE_DEBUG_INFO = INCLUDE_SOURCE;
				MTL_FAST_MATH = YES;
				ONLY_ACTIVE_ARCH = YES;
				SDKROOT = macosx;
			};
			name = Debug;
		};
		95BFB3882B9DFC2F004B826E /* Release */ = {
			isa = XCBuildConfiguration;
			buildSettings = {
				ALWAYS_SEARCH_USER_PATHS = NO;
				ASSETCATALOG_COMPILER_GENERATE_SWIFT_ASSET_SYMBOL_EXTENSIONS = YES;
				CLANG_ANALYZER_NONNULL = YES;
				CLANG_ANALYZER_NUMBER_OBJECT_CONVERSION = YES_AGGRESSIVE;
				CLANG_CXX_LANGUAGE_STANDARD = "gnu++20";
				CLANG_ENABLE_MODULES = YES;
				CLANG_ENABLE_OBJC_ARC = YES;
				CLANG_ENABLE_OBJC_WEAK = YES;
				CLANG_WARN_BLOCK_CAPTURE_AUTORELEASING = YES;
				CLANG_WARN_BOOL_CONVERSION = YES;
				CLANG_WARN_COMMA = YES;
				CLANG_WARN_CONSTANT_CONVERSION = YES;
				CLANG_WARN_DEPRECATED_OBJC_IMPLEMENTATIONS = YES;
				CLANG_WARN_DIRECT_OBJC_ISA_USAGE = YES_ERROR;
				CLANG_WARN_DOCUMENTATION_COMMENTS = YES;
				CLANG_WARN_EMPTY_BODY = YES;
				CLANG_WARN_ENUM_CONVERSION = YES;
				CLANG_WARN_INFINITE_RECURSION = YES;
				CLANG_WARN_INT_CONVERSION = YES;
				CLANG_WARN_NON_LITERAL_NULL_CONVERSION = YES;
				CLANG_WARN_OBJC_IMPLICIT_RETAIN_SELF = YES;
				CLANG_WARN_OBJC_LITERAL_CONVERSION = YES;
				CLANG_WARN_OBJC_ROOT_CLASS = YES_ERROR;
				CLANG_WARN_QUOTED_INCLUDE_IN_FRAMEWORK_HEADER = YES;
				CLANG_WARN_RANGE_LOOP_ANALYSIS = YES;
				CLANG_WARN_STRICT_PROTOTYPES = YES;
				CLANG_WARN_SUSPICIOUS_MOVE = YES;
				CLANG_WARN_UNGUARDED_AVAILABILITY = YES_AGGRESSIVE;
				CLANG_WARN_UNREACHABLE_CODE = YES;
				CLANG_WARN__DUPLICATE_METHOD_MATCH = YES;
				COPY_PHASE_STRIP = NO;
				DEBUG_INFORMATION_FORMAT = "dwarf-with-dsym";
				ENABLE_NS_ASSERTIONS = NO;
				ENABLE_STRICT_OBJC_MSGSEND = YES;
				ENABLE_USER_SCRIPT_SANDBOXING = YES;
				GCC_C_LANGUAGE_STANDARD = gnu17;
				GCC_NO_COMMON_BLOCKS = YES;
				GCC_WARN_64_TO_32_BIT_CONVERSION = YES;
				GCC_WARN_ABOUT_RETURN_TYPE = YES_ERROR;
				GCC_WARN_UNDECLARED_SELECTOR = YES;
				GCC_WARN_UNINITIALIZED_AUTOS = YES_AGGRESSIVE;
				GCC_WARN_UNUSED_FUNCTION = YES;
				GCC_WARN_UNUSED_VARIABLE = YES;
				LOCALIZATION_PREFERS_STRING_CATALOGS = YES;
				MACOSX_DEPLOYMENT_TARGET = 14.2;
				MTL_ENABLE_DEBUG_INFO = NO;
				MTL_FAST_MATH = YES;
				SDKROOT = macosx;
			};
			name = Release;
		};
		95BFB38A2B9DFC2F004B826E /* Debug */ = {
			isa = XCBuildConfiguration;
			buildSettings = {
				CODE_SIGN_STYLE = Automatic;
				DEVELOPMENT_TEAM = UPP8BNC6VR;
				ENABLE_HARDENED_RUNTIME = YES;
				PRODUCT_NAME = "$(TARGET_NAME)";
			};
			name = Debug;
		};
		95BFB38B2B9DFC2F004B826E /* Release */ = {
			isa = XCBuildConfiguration;
			buildSettings = {
				CODE_SIGN_STYLE = Automatic;
				DEVELOPMENT_TEAM = UPP8BNC6VR;
				ENABLE_HARDENED_RUNTIME = YES;
				PRODUCT_NAME = "$(TARGET_NAME)";
			};
			name = Release;
		};
/* End XCBuildConfiguration section */

/* Begin XCConfigurationList section */
		95BFB37D2B9DFC2F004B826E /* Build configuration list for PBXProject "get_next_line" */ = {
			isa = XCConfigurationList;
			buildConfigurations = (
				95BFB3872B9DFC2F004B826E /* Debug */,
				95BFB3882B9DFC2F004B826E /* Release */,
			);
			defaultConfigurationIsVisible = 0;
			defaultConfigurationName = Release;
		};
		95BFB3892B9DFC2F004B826E /* Build configuration list for PBXNativeTarget "get_next_line" */ = {
			isa = XCConfigurationList;
			buildConfigurations = (
				95BFB38A2B9DFC2F004B826E /* Debug */,
				95BFB38B2B9DFC2F004B826E /* Release */,
			);
			defaultConfigurationIsVisible = 0;
			defaultConfigurationName = Release;
		};
/* End XCConfigurationList section */
	};
	rootObject = 95BFB37A2B9DFC2F004B826E /* Project object */;
}
